
Microsoft Visual Studio Solution File, Format Version 12.00
# Visual Studio Version 17
VisualStudioVersion = 17.3.32819.101
MinimumVisualStudioVersion = 10.0.40219.1
Project("{FAE04EC0-301F-11D3-BF4B-00C04F79EFBC}") = "StubMockFake", "StubMockFake.csproj", "{2D47A63E-0B33-439A-939F-A6C08C0A0BC5}"
EndProject
Project("{FAE04EC0-301F-11D3-BF4B-00C04F79EFBC}") = "StubMockFakeTest", "..\StubMockFakeTest\StubMockFakeTest.csproj", "{312497E3-120F-4815-84FC-936140E31A24}"
EndProject
Global
	GlobalSection(SolutionConfigurationPlatforms) = preSolution
		Debug|Any CPU = Debug|Any CPU
		Release|Any CPU = Release|Any CPU
	EndGlobalSection
	GlobalSection(ProjectConfigurationPlatforms) = postSolution
		{2D47A63E-0B33-439A-939F-A6C08C0A0BC5}.Debug|Any CPU.ActiveCfg = Debug|Any CPU
		{2D47A63E-0B33-439A-939F-A6C08C0A0BC5}.Debug|Any CPU.Build.0 = Debug|Any CPU
		{2D47A63E-0B33-439A-939F-A6C08C0A0BC5}.Release|Any CPU.ActiveCfg = Release|Any CPU
		{2D47A63E-0B33-439A-939F-A6C08C0A0BC5}.Release|Any CPU.Build.0 = Release|Any CPU
		{312497E3-120F-4815-84FC-936140E31A24}.Debug|Any CPU.ActiveCfg = Debug|Any CPU
		{312497E3-120F-4815-84FC-936140E31A24}.Debug|Any CPU.Build.0 = Debug|Any CPU
		{312497E3-120F-4815-84FC-936140E31A24}.Release|Any CPU.ActiveCfg = Release|Any CPU
		{312497E3-120F-4815-84FC-936140E31A24}.Release|Any CPU.Build.0 = Release|Any CPU
	EndGlobalSection
	GlobalSection(SolutionProperties) = preSolution
		HideSolutionNode = FALSE
	EndGlobalSection
	GlobalSection(ExtensibilityGlobals) = postSolution
		SolutionGuid = {7D69B670-F027-4D73-9937-276C93CDDC24}
	EndGlobalSection
EndGlobal
